
Microsoft Visual Studio Solution File, Format Version 12.00
# Visual Studio Version 17
VisualStudioVersion = 17.5.002.0
MinimumVisualStudioVersion = 10.0.40219.1
Project("{2150E333-8FDC-42A3-9474-1A3956D46DE8}") = "Semana1", "Semana1", "{10BD8BA8-0015-4D63-94AC-E5AB7A336007}"
EndProject
Project("{9A19103F-16F7-4668-BE54-9A1E7A4F7556}") = "PI001", "Semana1\PI001\PI001.csproj", "{681ECDF8-6D5D-4EFD-B01C-AD7C513071F5}"
EndProject
Project("{2150E333-8FDC-42A3-9474-1A3956D46DE8}") = "Semana4", "Semana4", "{4A130261-739A-44EB-92A7-7018F436FA9C}"
EndProject
Project("{9A19103F-16F7-4668-BE54-9A1E7A4F7556}") = "P004", "Semana4\P004\P004.csproj", "{7EF3DFC2-3585-4CD9-B756-BE9DFEA27EBA}"
EndProject
Project("{9A19103F-16F7-4668-BE54-9A1E7A4F7556}") = "Exercicio4", "Semana4\Exercicio4\Exercicio4.csproj", "{01BAD421-38E1-4E3F-B6FA-06171196B945}"
EndProject
Project("{9A19103F-16F7-4668-BE54-9A1E7A4F7556}") = "Avaliacao_FInal", "Semana4\Avaliacao_FInal\Avaliacao_FInal.csproj", "{8D71A259-4AED-49B4-9CBD-B2B329486CA0}"
EndProject
Project("{9A19103F-16F7-4668-BE54-9A1E7A4F7556}") = "Exercicio", "Semana4\Exercicio\Exercicio.csproj", "{8DA63D1B-8BED-472A-A6E6-8FA5495285B8}"
EndProject
Project("{2150E333-8FDC-42A3-9474-1A3956D46DE8}") = "Semana3", "Semana3", "{98C76FE7-FCCC-4196-A169-C8D528BA1420}"
EndProject
Project("{9A19103F-16F7-4668-BE54-9A1E7A4F7556}") = "Exercicio5", "Semana3\Exercicio5\Exercicio5.csproj", "{82DE9A16-8BC7-40DC-AA56-A1FBBA00559C}"
EndProject
Project("{9A19103F-16F7-4668-BE54-9A1E7A4F7556}") = "PI003", "Semana3\PI003\PI003.csproj", "{2BC21E0E-7287-475D-84CC-C0AAA03854E1}"
EndProject
Project("{9A19103F-16F7-4668-BE54-9A1E7A4F7556}") = "Exercicios", "Semana3\Exercicios\Exercicios.csproj", "{A9EFFB33-3B71-4867-A167-0F96CC3074F2}"
EndProject
Project("{2150E333-8FDC-42A3-9474-1A3956D46DE8}") = "Semana2", "Semana2", "{7D5FFCBD-4F49-4004-9CD1-DB1AFF18665B}"
EndProject
Project("{9A19103F-16F7-4668-BE54-9A1E7A4F7556}") = "Exercicio2", "Semana2\Fibonacci\Exercicio2.csproj", "{8668F0D8-20C5-47B7-85A6-C925A96B81C9}"
EndProject
Project("{9A19103F-16F7-4668-BE54-9A1E7A4F7556}") = "PI002", "Semana2\PI002\PI002.csproj", "{E2460D38-DB51-49B1-B97F-6C927F83058E}"
EndProject
Project("{9A19103F-16F7-4668-BE54-9A1E7A4F7556}") = "Exercicio4", "Semana2\Exercicio4\Exercicio4.csproj", "{5FD9116A-499E-40EC-81DB-D761212A736B}"
EndProject
Project("{9A19103F-16F7-4668-BE54-9A1E7A4F7556}") = "Exercicio1", "Semana2\Exemplo\Exercicio1.csproj", "{7517FCB8-E99D-45E7-AC96-0FECA005DD6E}"
EndProject
Project("{9A19103F-16F7-4668-BE54-9A1E7A4F7556}") = "Exercicio3", "Semana2\Exercicio3\Exercicio3.csproj", "{770CA315-3B04-4171-A6F6-F316F5E998F2}"
EndProject
Project("{2150E333-8FDC-42A3-9474-1A3956D46DE8}") = "Semana5", "Semana5", "{0141F32B-2673-45AC-87F1-2FECBD853964}"
EndProject
Project("{9A19103F-16F7-4668-BE54-9A1E7A4F7556}") = "ExemplosAula", "Semana5\ExemplosAula\ExemplosAula.csproj", "{FE804841-18EB-4AB8-8932-75AF72145351}"
EndProject
Project("{9A19103F-16F7-4668-BE54-9A1E7A4F7556}") = "Pagamento", "Semana5\Pagamento\Pagamento.csproj", "{5ED8D8DD-A004-4BC6-A3B4-D4A2FFE60847}"
EndProject
Global
	GlobalSection(SolutionConfigurationPlatforms) = preSolution
		Debug|Any CPU = Debug|Any CPU
		Release|Any CPU = Release|Any CPU
	EndGlobalSection
	GlobalSection(ProjectConfigurationPlatforms) = postSolution
		{681ECDF8-6D5D-4EFD-B01C-AD7C513071F5}.Debug|Any CPU.ActiveCfg = Debug|Any CPU
		{681ECDF8-6D5D-4EFD-B01C-AD7C513071F5}.Debug|Any CPU.Build.0 = Debug|Any CPU
		{681ECDF8-6D5D-4EFD-B01C-AD7C513071F5}.Release|Any CPU.ActiveCfg = Release|Any CPU
		{681ECDF8-6D5D-4EFD-B01C-AD7C513071F5}.Release|Any CPU.Build.0 = Release|Any CPU
		{7EF3DFC2-3585-4CD9-B756-BE9DFEA27EBA}.Debug|Any CPU.ActiveCfg = Debug|Any CPU
		{7EF3DFC2-3585-4CD9-B756-BE9DFEA27EBA}.Debug|Any CPU.Build.0 = Debug|Any CPU
		{7EF3DFC2-3585-4CD9-B756-BE9DFEA27EBA}.Release|Any CPU.ActiveCfg = Release|Any CPU
		{7EF3DFC2-3585-4CD9-B756-BE9DFEA27EBA}.Release|Any CPU.Build.0 = Release|Any CPU
		{01BAD421-38E1-4E3F-B6FA-06171196B945}.Debug|Any CPU.ActiveCfg = Debug|Any CPU
		{01BAD421-38E1-4E3F-B6FA-06171196B945}.Debug|Any CPU.Build.0 = Debug|Any CPU
		{01BAD421-38E1-4E3F-B6FA-06171196B945}.Release|Any CPU.ActiveCfg = Release|Any CPU
		{01BAD421-38E1-4E3F-B6FA-06171196B945}.Release|Any CPU.Build.0 = Release|Any CPU
		{8D71A259-4AED-49B4-9CBD-B2B329486CA0}.Debug|Any CPU.ActiveCfg = Debug|Any CPU
		{8D71A259-4AED-49B4-9CBD-B2B329486CA0}.Debug|Any CPU.Build.0 = Debug|Any CPU
		{8D71A259-4AED-49B4-9CBD-B2B329486CA0}.Release|Any CPU.ActiveCfg = Release|Any CPU
		{8D71A259-4AED-49B4-9CBD-B2B329486CA0}.Release|Any CPU.Build.0 = Release|Any CPU
		{8DA63D1B-8BED-472A-A6E6-8FA5495285B8}.Debug|Any CPU.ActiveCfg = Debug|Any CPU
		{8DA63D1B-8BED-472A-A6E6-8FA5495285B8}.Debug|Any CPU.Build.0 = Debug|Any CPU
		{8DA63D1B-8BED-472A-A6E6-8FA5495285B8}.Release|Any CPU.ActiveCfg = Release|Any CPU
		{8DA63D1B-8BED-472A-A6E6-8FA5495285B8}.Release|Any CPU.Build.0 = Release|Any CPU
		{82DE9A16-8BC7-40DC-AA56-A1FBBA00559C}.Debug|Any CPU.ActiveCfg = Debug|Any CPU
		{82DE9A16-8BC7-40DC-AA56-A1FBBA00559C}.Debug|Any CPU.Build.0 = Debug|Any CPU
		{82DE9A16-8BC7-40DC-AA56-A1FBBA00559C}.Release|Any CPU.ActiveCfg = Release|Any CPU
		{82DE9A16-8BC7-40DC-AA56-A1FBBA00559C}.Release|Any CPU.Build.0 = Release|Any CPU
		{2BC21E0E-7287-475D-84CC-C0AAA03854E1}.Debug|Any CPU.ActiveCfg = Debug|Any CPU
		{2BC21E0E-7287-475D-84CC-C0AAA03854E1}.Debug|Any CPU.Build.0 = Debug|Any CPU
		{2BC21E0E-7287-475D-84CC-C0AAA03854E1}.Release|Any CPU.ActiveCfg = Release|Any CPU
		{2BC21E0E-7287-475D-84CC-C0AAA03854E1}.Release|Any CPU.Build.0 = Release|Any CPU
		{A9EFFB33-3B71-4867-A167-0F96CC3074F2}.Debug|Any CPU.ActiveCfg = Debug|Any CPU
		{A9EFFB33-3B71-4867-A167-0F96CC3074F2}.Debug|Any CPU.Build.0 = Debug|Any CPU
		{A9EFFB33-3B71-4867-A167-0F96CC3074F2}.Release|Any CPU.ActiveCfg = Release|Any CPU
		{A9EFFB33-3B71-4867-A167-0F96CC3074F2}.Release|Any CPU.Build.0 = Release|Any CPU
		{8668F0D8-20C5-47B7-85A6-C925A96B81C9}.Debug|Any CPU.ActiveCfg = Debug|Any CPU
		{8668F0D8-20C5-47B7-85A6-C925A96B81C9}.Debug|Any CPU.Build.0 = Debug|Any CPU
		{8668F0D8-20C5-47B7-85A6-C925A96B81C9}.Release|Any CPU.ActiveCfg = Release|Any CPU
		{8668F0D8-20C5-47B7-85A6-C925A96B81C9}.Release|Any CPU.Build.0 = Release|Any CPU
		{E2460D38-DB51-49B1-B97F-6C927F83058E}.Debug|Any CPU.ActiveCfg = Debug|Any CPU
		{E2460D38-DB51-49B1-B97F-6C927F83058E}.Debug|Any CPU.Build.0 = Debug|Any CPU
		{E2460D38-DB51-49B1-B97F-6C927F83058E}.Release|Any CPU.ActiveCfg = Release|Any CPU
		{E2460D38-DB51-49B1-B97F-6C927F83058E}.Release|Any CPU.Build.0 = Release|Any CPU
		{5FD9116A-499E-40EC-81DB-D761212A736B}.Debug|Any CPU.ActiveCfg = Debug|Any CPU
		{5FD9116A-499E-40EC-81DB-D761212A736B}.Debug|Any CPU.Build.0 = Debug|Any CPU
		{5FD9116A-499E-40EC-81DB-D761212A736B}.Release|Any CPU.ActiveCfg = Release|Any CPU
		{5FD9116A-499E-40EC-81DB-D761212A736B}.Release|Any CPU.Build.0 = Release|Any CPU
		{7517FCB8-E99D-45E7-AC96-0FECA005DD6E}.Debug|Any CPU.ActiveCfg = Debug|Any CPU
		{7517FCB8-E99D-45E7-AC96-0FECA005DD6E}.Debug|Any CPU.Build.0 = Debug|Any CPU
		{7517FCB8-E99D-45E7-AC96-0FECA005DD6E}.Release|Any CPU.ActiveCfg = Release|Any CPU
		{7517FCB8-E99D-45E7-AC96-0FECA005DD6E}.Release|Any CPU.Build.0 = Release|Any CPU
		{770CA315-3B04-4171-A6F6-F316F5E998F2}.Debug|Any CPU.ActiveCfg = Debug|Any CPU
		{770CA315-3B04-4171-A6F6-F316F5E998F2}.Debug|Any CPU.Build.0 = Debug|Any CPU
		{770CA315-3B04-4171-A6F6-F316F5E998F2}.Release|Any CPU.ActiveCfg = Release|Any CPU
		{770CA315-3B04-4171-A6F6-F316F5E998F2}.Release|Any CPU.Build.0 = Release|Any CPU
		{FE804841-18EB-4AB8-8932-75AF72145351}.Debug|Any CPU.ActiveCfg = Debug|Any CPU
		{FE804841-18EB-4AB8-8932-75AF72145351}.Debug|Any CPU.Build.0 = Debug|Any CPU
		{FE804841-18EB-4AB8-8932-75AF72145351}.Release|Any CPU.ActiveCfg = Release|Any CPU
		{FE804841-18EB-4AB8-8932-75AF72145351}.Release|Any CPU.Build.0 = Release|Any CPU
		{5ED8D8DD-A004-4BC6-A3B4-D4A2FFE60847}.Debug|Any CPU.ActiveCfg = Debug|Any CPU
		{5ED8D8DD-A004-4BC6-A3B4-D4A2FFE60847}.Debug|Any CPU.Build.0 = Debug|Any CPU
		{5ED8D8DD-A004-4BC6-A3B4-D4A2FFE60847}.Release|Any CPU.ActiveCfg = Release|Any CPU
		{5ED8D8DD-A004-4BC6-A3B4-D4A2FFE60847}.Release|Any CPU.Build.0 = Release|Any CPU
	EndGlobalSection
	GlobalSection(SolutionProperties) = preSolution
		HideSolutionNode = FALSE
	EndGlobalSection
	GlobalSection(NestedProjects) = preSolution
		{681ECDF8-6D5D-4EFD-B01C-AD7C513071F5} = {10BD8BA8-0015-4D63-94AC-E5AB7A336007}
		{7EF3DFC2-3585-4CD9-B756-BE9DFEA27EBA} = {4A130261-739A-44EB-92A7-7018F436FA9C}
		{01BAD421-38E1-4E3F-B6FA-06171196B945} = {4A130261-739A-44EB-92A7-7018F436FA9C}
		{8D71A259-4AED-49B4-9CBD-B2B329486CA0} = {4A130261-739A-44EB-92A7-7018F436FA9C}
		{8DA63D1B-8BED-472A-A6E6-8FA5495285B8} = {4A130261-739A-44EB-92A7-7018F436FA9C}
		{82DE9A16-8BC7-40DC-AA56-A1FBBA00559C} = {98C76FE7-FCCC-4196-A169-C8D528BA1420}
		{2BC21E0E-7287-475D-84CC-C0AAA03854E1} = {98C76FE7-FCCC-4196-A169-C8D528BA1420}
		{A9EFFB33-3B71-4867-A167-0F96CC3074F2} = {98C76FE7-FCCC-4196-A169-C8D528BA1420}
		{8668F0D8-20C5-47B7-85A6-C925A96B81C9} = {7D5FFCBD-4F49-4004-9CD1-DB1AFF18665B}
		{E2460D38-DB51-49B1-B97F-6C927F83058E} = {7D5FFCBD-4F49-4004-9CD1-DB1AFF18665B}
		{5FD9116A-499E-40EC-81DB-D761212A736B} = {7D5FFCBD-4F49-4004-9CD1-DB1AFF18665B}
		{7517FCB8-E99D-45E7-AC96-0FECA005DD6E} = {7D5FFCBD-4F49-4004-9CD1-DB1AFF18665B}
		{770CA315-3B04-4171-A6F6-F316F5E998F2} = {7D5FFCBD-4F49-4004-9CD1-DB1AFF18665B}
		{FE804841-18EB-4AB8-8932-75AF72145351} = {0141F32B-2673-45AC-87F1-2FECBD853964}
		{5ED8D8DD-A004-4BC6-A3B4-D4A2FFE60847} = {0141F32B-2673-45AC-87F1-2FECBD853964}
	EndGlobalSection
	GlobalSection(ExtensibilityGlobals) = postSolution
		SolutionGuid = {2E002065-24E4-435E-AA9E-75B9C0047C4A}
	EndGlobalSection
EndGlobal
