
Microsoft Visual Studio Solution File, Format Version 12.00
# Visual Studio Version 17
VisualStudioVersion = 17.5.002.0
MinimumVisualStudioVersion = 10.0.40219.1
Project("{2150E333-8FDC-42A3-9474-1A3956D46DE8}") = "Semana1", "Semana1", "{A9C1F566-D929-4EC7-962D-453A62AB0CE9}"
EndProject
Project("{9A19103F-16F7-4668-BE54-9A1E7A4F7556}") = "PI001", "Semana1\PI001\PI001.csproj", "{5FDFF5FC-8CBA-4D9D-8994-AE993282D67A}"
EndProject
Project("{2150E333-8FDC-42A3-9474-1A3956D46DE8}") = "Semana2", "Semana2", "{64A0A5D5-9D53-40C2-8712-033D9FC52C4C}"
EndProject
Project("{FAE04EC0-301F-11D3-BF4B-00C04F79EFBC}") = "Exemplo", "Semana2\Exemplo\Exemplo.csproj", "{DABEE894-54EF-426D-BA4C-BB45EEDC3C9C}"
EndProject
Project("{FAE04EC0-301F-11D3-BF4B-00C04F79EFBC}") = "Fibonacci", "Semana2\Fibonacci\Fibonacci.csproj", "{DE932117-58DB-4650-A1A0-948C3DCEF252}"
EndProject
Global
	GlobalSection(SolutionConfigurationPlatforms) = preSolution
		Debug|Any CPU = Debug|Any CPU
		Release|Any CPU = Release|Any CPU
	EndGlobalSection
	GlobalSection(ProjectConfigurationPlatforms) = postSolution
		{5FDFF5FC-8CBA-4D9D-8994-AE993282D67A}.Debug|Any CPU.ActiveCfg = Debug|Any CPU
		{5FDFF5FC-8CBA-4D9D-8994-AE993282D67A}.Debug|Any CPU.Build.0 = Debug|Any CPU
		{5FDFF5FC-8CBA-4D9D-8994-AE993282D67A}.Release|Any CPU.ActiveCfg = Release|Any CPU
		{5FDFF5FC-8CBA-4D9D-8994-AE993282D67A}.Release|Any CPU.Build.0 = Release|Any CPU
		{DABEE894-54EF-426D-BA4C-BB45EEDC3C9C}.Debug|Any CPU.ActiveCfg = Debug|Any CPU
		{DABEE894-54EF-426D-BA4C-BB45EEDC3C9C}.Debug|Any CPU.Build.0 = Debug|Any CPU
		{DABEE894-54EF-426D-BA4C-BB45EEDC3C9C}.Release|Any CPU.ActiveCfg = Release|Any CPU
		{DABEE894-54EF-426D-BA4C-BB45EEDC3C9C}.Release|Any CPU.Build.0 = Release|Any CPU
		{DE932117-58DB-4650-A1A0-948C3DCEF252}.Debug|Any CPU.ActiveCfg = Debug|Any CPU
		{DE932117-58DB-4650-A1A0-948C3DCEF252}.Debug|Any CPU.Build.0 = Debug|Any CPU
		{DE932117-58DB-4650-A1A0-948C3DCEF252}.Release|Any CPU.ActiveCfg = Release|Any CPU
		{DE932117-58DB-4650-A1A0-948C3DCEF252}.Release|Any CPU.Build.0 = Release|Any CPU
	EndGlobalSection
	GlobalSection(SolutionProperties) = preSolution
		HideSolutionNode = FALSE
	EndGlobalSection
	GlobalSection(NestedProjects) = preSolution
		{5FDFF5FC-8CBA-4D9D-8994-AE993282D67A} = {A9C1F566-D929-4EC7-962D-453A62AB0CE9}
		{DABEE894-54EF-426D-BA4C-BB45EEDC3C9C} = {64A0A5D5-9D53-40C2-8712-033D9FC52C4C}
		{DE932117-58DB-4650-A1A0-948C3DCEF252} = {64A0A5D5-9D53-40C2-8712-033D9FC52C4C}
	EndGlobalSection
	GlobalSection(ExtensibilityGlobals) = postSolution
		SolutionGuid = {D7DC2DA5-3D23-4B9A-BB36-3EE76530FBFD}
	EndGlobalSection
EndGlobal
