
Microsoft Visual Studio Solution File, Format Version 12.00
# Visual Studio Version 17
VisualStudioVersion = 17.5.002.0
MinimumVisualStudioVersion = 10.0.40219.1
Project("{2150E333-8FDC-42A3-9474-1A3956D46DE8}") = "Semana1", "Semana1", "{9C4E0F16-9076-4CD3-B49A-2AA9C50320C8}"
EndProject
Project("{9A19103F-16F7-4668-BE54-9A1E7A4F7556}") = "PI001", "Semana1\PI001\PI001.csproj", "{F060CFFD-7955-4AD3-B60B-641E7918C591}"
EndProject
Project("{2150E333-8FDC-42A3-9474-1A3956D46DE8}") = "Semana2", "Semana2", "{9D41D903-198F-4771-8FAF-CC2A1D5090A8}"
EndProject
Project("{9A19103F-16F7-4668-BE54-9A1E7A4F7556}") = "Exercicio1", "Semana2\Exemplo\Exercicio1.csproj", "{86096581-C5CA-4002-B91B-857966FDFE47}"
EndProject
Project("{9A19103F-16F7-4668-BE54-9A1E7A4F7556}") = "Exercicio3", "Semana2\Exercicio3\Exercicio3.csproj", "{332F99C2-14BA-44B6-9BD1-D829E9E1F317}"
EndProject
Project("{9A19103F-16F7-4668-BE54-9A1E7A4F7556}") = "Exercicio4", "Semana2\Exercicio4\Exercicio4.csproj", "{26F6EC3C-6E28-4CDF-AE7A-51BE193EB3F7}"
EndProject
Project("{9A19103F-16F7-4668-BE54-9A1E7A4F7556}") = "Exercicio2", "Semana2\Fibonacci\Exercicio2.csproj", "{9973AF8F-9FDB-47A0-B6B3-2DFBAD24C04A}"
EndProject
Project("{FAE04EC0-301F-11D3-BF4B-00C04F79EFBC}") = "PI002", "Semana2\PI002\PI002.csproj", "{E9A68D36-2589-4F82-BF79-A70F9AF9A0AD}"
EndProject
Project("{2150E333-8FDC-42A3-9474-1A3956D46DE8}") = "Semana3", "Semana3", "{932B5EAC-1645-4E65-BBEA-239B22384E28}"
EndProject
Project("{FAE04EC0-301F-11D3-BF4B-00C04F79EFBC}") = "Exercicios", "Semana3\Exercicios\Exercicios.csproj", "{A1BF5C6C-38E2-4CF8-833F-E619FB8759AD}"
EndProject
Project("{FAE04EC0-301F-11D3-BF4B-00C04F79EFBC}") = "Exercicio5", "Semana3\Exercicio5\Exercicio5.csproj", "{5ADCAFC6-0045-4AFA-A433-20B6F774D60D}"
EndProject
Project("{2150E333-8FDC-42A3-9474-1A3956D46DE8}") = "Semana4", "Semana4", "{1BDF0DD0-8B84-4A4E-BF5C-D2DC03E3E9E9}"
EndProject
Project("{FAE04EC0-301F-11D3-BF4B-00C04F79EFBC}") = "PI003", "Semana3\PI003\PI003.csproj", "{28FA1CCA-76E4-46F4-A9B3-C6B170B32DFF}"
EndProject
Project("{FAE04EC0-301F-11D3-BF4B-00C04F79EFBC}") = "Exercicio4", "Semana4\Exercicio4\Exercicio4.csproj", "{DF8FC671-9744-4525-A636-CEEB683F0876}"
EndProject
Global
	GlobalSection(SolutionConfigurationPlatforms) = preSolution
		Debug|Any CPU = Debug|Any CPU
		Release|Any CPU = Release|Any CPU
	EndGlobalSection
	GlobalSection(ProjectConfigurationPlatforms) = postSolution
		{F060CFFD-7955-4AD3-B60B-641E7918C591}.Debug|Any CPU.ActiveCfg = Debug|Any CPU
		{F060CFFD-7955-4AD3-B60B-641E7918C591}.Debug|Any CPU.Build.0 = Debug|Any CPU
		{F060CFFD-7955-4AD3-B60B-641E7918C591}.Release|Any CPU.ActiveCfg = Release|Any CPU
		{F060CFFD-7955-4AD3-B60B-641E7918C591}.Release|Any CPU.Build.0 = Release|Any CPU
		{86096581-C5CA-4002-B91B-857966FDFE47}.Debug|Any CPU.ActiveCfg = Debug|Any CPU
		{86096581-C5CA-4002-B91B-857966FDFE47}.Debug|Any CPU.Build.0 = Debug|Any CPU
		{86096581-C5CA-4002-B91B-857966FDFE47}.Release|Any CPU.ActiveCfg = Release|Any CPU
		{86096581-C5CA-4002-B91B-857966FDFE47}.Release|Any CPU.Build.0 = Release|Any CPU
		{332F99C2-14BA-44B6-9BD1-D829E9E1F317}.Debug|Any CPU.ActiveCfg = Debug|Any CPU
		{332F99C2-14BA-44B6-9BD1-D829E9E1F317}.Debug|Any CPU.Build.0 = Debug|Any CPU
		{332F99C2-14BA-44B6-9BD1-D829E9E1F317}.Release|Any CPU.ActiveCfg = Release|Any CPU
		{332F99C2-14BA-44B6-9BD1-D829E9E1F317}.Release|Any CPU.Build.0 = Release|Any CPU
		{26F6EC3C-6E28-4CDF-AE7A-51BE193EB3F7}.Debug|Any CPU.ActiveCfg = Debug|Any CPU
		{26F6EC3C-6E28-4CDF-AE7A-51BE193EB3F7}.Debug|Any CPU.Build.0 = Debug|Any CPU
		{26F6EC3C-6E28-4CDF-AE7A-51BE193EB3F7}.Release|Any CPU.ActiveCfg = Release|Any CPU
		{26F6EC3C-6E28-4CDF-AE7A-51BE193EB3F7}.Release|Any CPU.Build.0 = Release|Any CPU
		{9973AF8F-9FDB-47A0-B6B3-2DFBAD24C04A}.Debug|Any CPU.ActiveCfg = Debug|Any CPU
		{9973AF8F-9FDB-47A0-B6B3-2DFBAD24C04A}.Debug|Any CPU.Build.0 = Debug|Any CPU
		{9973AF8F-9FDB-47A0-B6B3-2DFBAD24C04A}.Release|Any CPU.ActiveCfg = Release|Any CPU
		{9973AF8F-9FDB-47A0-B6B3-2DFBAD24C04A}.Release|Any CPU.Build.0 = Release|Any CPU
		{E9A68D36-2589-4F82-BF79-A70F9AF9A0AD}.Debug|Any CPU.ActiveCfg = Debug|Any CPU
		{E9A68D36-2589-4F82-BF79-A70F9AF9A0AD}.Debug|Any CPU.Build.0 = Debug|Any CPU
		{E9A68D36-2589-4F82-BF79-A70F9AF9A0AD}.Release|Any CPU.ActiveCfg = Release|Any CPU
		{E9A68D36-2589-4F82-BF79-A70F9AF9A0AD}.Release|Any CPU.Build.0 = Release|Any CPU
		{A1BF5C6C-38E2-4CF8-833F-E619FB8759AD}.Debug|Any CPU.ActiveCfg = Debug|Any CPU
		{A1BF5C6C-38E2-4CF8-833F-E619FB8759AD}.Debug|Any CPU.Build.0 = Debug|Any CPU
		{A1BF5C6C-38E2-4CF8-833F-E619FB8759AD}.Release|Any CPU.ActiveCfg = Release|Any CPU
		{A1BF5C6C-38E2-4CF8-833F-E619FB8759AD}.Release|Any CPU.Build.0 = Release|Any CPU
		{5ADCAFC6-0045-4AFA-A433-20B6F774D60D}.Debug|Any CPU.ActiveCfg = Debug|Any CPU
		{5ADCAFC6-0045-4AFA-A433-20B6F774D60D}.Debug|Any CPU.Build.0 = Debug|Any CPU
		{5ADCAFC6-0045-4AFA-A433-20B6F774D60D}.Release|Any CPU.ActiveCfg = Release|Any CPU
		{5ADCAFC6-0045-4AFA-A433-20B6F774D60D}.Release|Any CPU.Build.0 = Release|Any CPU
		{28FA1CCA-76E4-46F4-A9B3-C6B170B32DFF}.Debug|Any CPU.ActiveCfg = Debug|Any CPU
		{28FA1CCA-76E4-46F4-A9B3-C6B170B32DFF}.Debug|Any CPU.Build.0 = Debug|Any CPU
		{28FA1CCA-76E4-46F4-A9B3-C6B170B32DFF}.Release|Any CPU.ActiveCfg = Release|Any CPU
		{28FA1CCA-76E4-46F4-A9B3-C6B170B32DFF}.Release|Any CPU.Build.0 = Release|Any CPU
		{DF8FC671-9744-4525-A636-CEEB683F0876}.Debug|Any CPU.ActiveCfg = Debug|Any CPU
		{DF8FC671-9744-4525-A636-CEEB683F0876}.Debug|Any CPU.Build.0 = Debug|Any CPU
		{DF8FC671-9744-4525-A636-CEEB683F0876}.Release|Any CPU.ActiveCfg = Release|Any CPU
		{DF8FC671-9744-4525-A636-CEEB683F0876}.Release|Any CPU.Build.0 = Release|Any CPU
	EndGlobalSection
	GlobalSection(SolutionProperties) = preSolution
		HideSolutionNode = FALSE
	EndGlobalSection
	GlobalSection(NestedProjects) = preSolution
		{F060CFFD-7955-4AD3-B60B-641E7918C591} = {9C4E0F16-9076-4CD3-B49A-2AA9C50320C8}
		{86096581-C5CA-4002-B91B-857966FDFE47} = {9D41D903-198F-4771-8FAF-CC2A1D5090A8}
		{332F99C2-14BA-44B6-9BD1-D829E9E1F317} = {9D41D903-198F-4771-8FAF-CC2A1D5090A8}
		{26F6EC3C-6E28-4CDF-AE7A-51BE193EB3F7} = {9D41D903-198F-4771-8FAF-CC2A1D5090A8}
		{9973AF8F-9FDB-47A0-B6B3-2DFBAD24C04A} = {9D41D903-198F-4771-8FAF-CC2A1D5090A8}
		{E9A68D36-2589-4F82-BF79-A70F9AF9A0AD} = {9D41D903-198F-4771-8FAF-CC2A1D5090A8}
		{A1BF5C6C-38E2-4CF8-833F-E619FB8759AD} = {932B5EAC-1645-4E65-BBEA-239B22384E28}
		{5ADCAFC6-0045-4AFA-A433-20B6F774D60D} = {932B5EAC-1645-4E65-BBEA-239B22384E28}
		{28FA1CCA-76E4-46F4-A9B3-C6B170B32DFF} = {932B5EAC-1645-4E65-BBEA-239B22384E28}
		{DF8FC671-9744-4525-A636-CEEB683F0876} = {1BDF0DD0-8B84-4A4E-BF5C-D2DC03E3E9E9}
	EndGlobalSection
	GlobalSection(ExtensibilityGlobals) = postSolution
		SolutionGuid = {545D1BC6-3374-4C09-934A-E46C47A35672}
	EndGlobalSection
EndGlobal
